Microsoft Visual Studio Solution File, Format Version 11.00
# Visual Studio 2008

Project("{FB66242F-B4C4-2C1E-CBED-861303532955}") = "ReactorGame", "Assembly-CSharp.csproj", "{4649BE69-3F8F-6FA5-87FB-668D6E3047B3}"
EndProject
Global
	GlobalSection(SolutionConfigurationPlatforms) = preSolution
		Debug|Any CPU = Debug|Any CPU
		Release|Any CPU = Release|Any CPU
	EndGlobalSection
	GlobalSection(ProjectConfigurationPlatforms) = postSolution
		{4649BE69-3F8F-6FA5-87FB-668D6E3047B3}.Debug|Any CPU.ActiveCfg = Debug|Any CPU
		{4649BE69-3F8F-6FA5-87FB-668D6E3047B3}.Debug|Any CPU.Build.0 = Debug|Any CPU
		{4649BE69-3F8F-6FA5-87FB-668D6E3047B3}.Release|Any CPU.ActiveCfg = Release|Any CPU
		{4649BE69-3F8F-6FA5-87FB-668D6E3047B3}.Release|Any CPU.Build.0 = Release|Any CPU
	EndGlobalSection
	GlobalSection(SolutionProperties) = preSolution
		HideSolutionNode = FALSE
	EndGlobalSection
	GlobalSection(MonoDevelopProperties) = preSolution
		StartupItem = Assembly-CSharp.csproj
	EndGlobalSection
EndGlobal
